
Microsoft Visual Studio Solution File, Format Version 12.00
Project("{FAE04EC0-301F-11D3-BF4B-00C04F79EFBC}") = "Crystal Finder", "Crystal Finder\Crystal Finder.csproj", "{1D48E724-ADC2-45FB-829D-A97A6655FE8A}"
EndProject
Global
	GlobalSection(SolutionConfigurationPlatforms) = preSolution
		Debug|Any CPU = Debug|Any CPU
		Release|Any CPU = Release|Any CPU
	EndGlobalSection
	GlobalSection(ProjectConfigurationPlatforms) = postSolution
		{1D48E724-ADC2-45FB-829D-A97A6655FE8A}.Debug|Any CPU.ActiveCfg = Debug|Any CPU
		{1D48E724-ADC2-45FB-829D-A97A6655FE8A}.Debug|Any CPU.Build.0 = Debug|Any CPU
		{1D48E724-ADC2-45FB-829D-A97A6655FE8A}.Release|Any CPU.ActiveCfg = Release|Any CPU
		{1D48E724-ADC2-45FB-829D-A97A6655FE8A}.Release|Any CPU.Build.0 = Release|Any CPU
	EndGlobalSection
EndGlobal
